
Microsoft Visual Studio Solution File, Format Version 12.00
# Visual Studio Version 17
VisualStudioVersion = 17.11.35303.130
MinimumVisualStudioVersion = 10.0.40219.1
Project("{2150E333-8FDC-42A3-9474-1A3956D46DE8}") = "Task0", "Task0", "{EEAED69F-C557-4A42-9EFB-468BF603D891}"
EndProject
Project("{FAE04EC0-301F-11D3-BF4B-00C04F79EFBC}") = "Tyuiu.AidemirAF.Sprint1.Task0.V13", "Tyuiu.AidemirAF.Sprint1.Task0.V13\Tyuiu.AidemirAF.Sprint1.Task0.V13.csproj", "{793933DB-9CFC-45AD-8322-BF5B89FEA375}"
EndProject
Project("{FAE04EC0-301F-11D3-BF4B-00C04F79EFBC}") = "Tyuiu.AidemirAF.Sprint1.Task0.V13.Lib", "Tyuiu.AidemirAF.Sprint1.Task0.V13.Lib\Tyuiu.AidemirAF.Sprint1.Task0.V13.Lib.csproj", "{E2A8D7A3-087E-4907-96A7-0F92EBA30959}"
EndProject
Project("{FAE04EC0-301F-11D3-BF4B-00C04F79EFBC}") = "Tyuiu.AidemirAF.Sprint1.Task0.V13.Test", "Tyuiu.AidemirAF.Sprint1.Task0.V13.Test\Tyuiu.AidemirAF.Sprint1.Task0.V13.Test.csproj", "{C145E109-152B-4AC7-B30B-7F9C89625652}"
EndProject
Project("{2150E333-8FDC-42A3-9474-1A3956D46DE8}") = "Task1", "Task1", "{2CBA736D-8E9C-4561-8DDF-CA231CDB3350}"
EndProject
Project("{FAE04EC0-301F-11D3-BF4B-00C04F79EFBC}") = "Tyuiu.AidemirAF.Sprint1.Task1.V21", "Tyuiu.AidemirAF.Sprint1.Task1.V21\Tyuiu.AidemirAF.Sprint1.Task1.V21.csproj", "{7846D4FE-0DF3-4358-9DE4-17884F354FEB}"
EndProject
Project("{FAE04EC0-301F-11D3-BF4B-00C04F79EFBC}") = "Tyuiu.AidemirAF.Sprint1.Task1.V21.Lib", "Tyuiu.AidemirAF.Sprint1.Task1.V21.Lib\Tyuiu.AidemirAF.Sprint1.Task1.V21.Lib.csproj", "{6E0503E9-2568-44F9-806C-03831A1EBA5F}"
EndProject
Project("{FAE04EC0-301F-11D3-BF4B-00C04F79EFBC}") = "Tyuiu.AidemirAF.Sprint1.Task1.V21.Test", "Tyuiu.AidemirAF.Sprint1.Task1.V21.Test\Tyuiu.AidemirAF.Sprint1.Task1.V21.Test.csproj", "{B28C7B72-9E58-400B-ABE0-4F82086F524F}"
EndProject
Project("{2150E333-8FDC-42A3-9474-1A3956D46DE8}") = "Task2", "Task2", "{ACBF44C8-D38F-46C8-ACC9-7F073E49EB73}"
EndProject
Project("{FAE04EC0-301F-11D3-BF4B-00C04F79EFBC}") = "Tyuiu.AidemirAF.Sprint1.Task2.V13", "Tyuiu.AidemirAF.Sprint1.Task2.V13\Tyuiu.AidemirAF.Sprint1.Task2.V13.csproj", "{0BEED88A-A65F-4F77-837B-691600955E0A}"
EndProject
Project("{FAE04EC0-301F-11D3-BF4B-00C04F79EFBC}") = "Tyuiu.AidemirAF.Sprint1.Task2.V13.Lib", "Tyuiu.AidemirAF.Sprint1.Task2.V13.Lib\Tyuiu.AidemirAF.Sprint1.Task2.V13.Lib.csproj", "{7BE8619E-1287-47B9-BF35-8427B4C7EC32}"
EndProject
Project("{FAE04EC0-301F-11D3-BF4B-00C04F79EFBC}") = "Tyuiu.AidemirAF.Sprint1.Task2.V13.Test", "Tyuiu.AidemirAF.Sprint1.Task2.V13.Test\Tyuiu.AidemirAF.Sprint1.Task2.V13.Test.csproj", "{40FCE097-E13C-4DE3-A113-E3EF82176123}"
EndProject
Project("{2150E333-8FDC-42A3-9474-1A3956D46DE8}") = "Task3", "Task3", "{120EF6E1-D845-4449-A961-1C5081485057}"
EndProject
Project("{FAE04EC0-301F-11D3-BF4B-00C04F79EFBC}") = "Tyuiu.AidemirAF.Sprint1.Task3.V12", "Tyuiu.AidemirAF.Sprint1.Task3.V12\Tyuiu.AidemirAF.Sprint1.Task3.V12.csproj", "{D9C94E74-726A-4997-85A5-01D07A943A39}"
EndProject
Project("{FAE04EC0-301F-11D3-BF4B-00C04F79EFBC}") = "Tyuiu.AidemirAF.Sprint1.Task3.V12.Lib", "Tyuiu.AidemirAF.Sprint1.Task3.V12.Lib\Tyuiu.AidemirAF.Sprint1.Task3.V12.Lib.csproj", "{547D1E78-A039-4F71-9D76-2ECAAC8390F8}"
EndProject
Project("{FAE04EC0-301F-11D3-BF4B-00C04F79EFBC}") = "Tyuiu.AidemirAF.Sprint1.Task3.V12.Test", "Tyuiu.AidemirAF.Sprint1.Task3.V12.Test\Tyuiu.AidemirAF.Sprint1.Task3.V12.Test.csproj", "{A574D4C0-C952-46B6-9840-5A6A8488E1E2}"
EndProject
Project("{2150E333-8FDC-42A3-9474-1A3956D46DE8}") = "Task4", "Task4", "{63FECA96-6782-4BBE-8B44-B0E1295FD2E3}"
EndProject
Project("{FAE04EC0-301F-11D3-BF4B-00C04F79EFBC}") = "Tyuiu.AidemirAF.Sprint1.Task4.V16", "Tyuiu.AidemirAF.Sprint1.Task4.V16\Tyuiu.AidemirAF.Sprint1.Task4.V16.csproj", "{3DEB78F8-3D55-42B5-A830-ACB55727DE45}"
EndProject
Project("{FAE04EC0-301F-11D3-BF4B-00C04F79EFBC}") = "Tyuiu.AidemirAF.Sprint1.Task4.V16.Lib", "Tyuiu.AidemirAF.Sprint1.Task4.V16.Lib\Tyuiu.AidemirAF.Sprint1.Task4.V16.Lib.csproj", "{2C104874-ECFB-4E3D-ABE3-1DE3BAD94F92}"
EndProject
Project("{FAE04EC0-301F-11D3-BF4B-00C04F79EFBC}") = "Tyuiu.AidemirAF.Sprint1.Task4.V16.Test", "Tyuiu.AidemirAF.Sprint1.Task4.V16.Test\Tyuiu.AidemirAF.Sprint1.Task4.V16.Test.csproj", "{687105BA-BB95-4C87-A986-14E95AA67E11}"
EndProject
Project("{2150E333-8FDC-42A3-9474-1A3956D46DE8}") = "Task5", "Task5", "{1BFDDC75-8F03-4AEF-9493-3A6BDB5303D2}"
EndProject
Project("{FAE04EC0-301F-11D3-BF4B-00C04F79EFBC}") = "Tyuiu.AidemirAF.Sprint1.Task5.V1", "Tyuiu.AidemirAF.Sprint1.Task5.V1\Tyuiu.AidemirAF.Sprint1.Task5.V1.csproj", "{5684C481-408E-44D6-AAAC-E99BF01B6A79}"
EndProject
Project("{FAE04EC0-301F-11D3-BF4B-00C04F79EFBC}") = "Tyuiu.AidemirAF.Sprint1.Task5.V1.Lib", "Tyuiu.AidemirAF.Sprint1.Task5.V1.Lib\Tyuiu.AidemirAF.Sprint1.Task5.V1.Lib.csproj", "{04CAA700-DB36-4C92-BE15-5EFA278CF86C}"
EndProject
Project("{FAE04EC0-301F-11D3-BF4B-00C04F79EFBC}") = "Tyuiu.AidemirAF.Sprint1.Task5.V1.Test", "Tyuiu.AidemirAF.Sprint1.Task5.V1.Test\Tyuiu.AidemirAF.Sprint1.Task5.V1.Test.csproj", "{A80DE139-751D-494D-8DC1-1A188B85A7CA}"
EndProject
Project("{2150E333-8FDC-42A3-9474-1A3956D46DE8}") = "Task6", "Task6", "{D7B636A5-DFE8-482C-9FD1-C795772798E5}"
EndProject
Project("{FAE04EC0-301F-11D3-BF4B-00C04F79EFBC}") = "Tyuiu.AidemirAF.Sprint1.Task6.V7", "Tyuiu.AidemirAF.Sprint1.Task6.V7\Tyuiu.AidemirAF.Sprint1.Task6.V7.csproj", "{5F7FCE62-FB22-4F57-BEBB-EBEB1A281FC1}"
EndProject
Project("{FAE04EC0-301F-11D3-BF4B-00C04F79EFBC}") = "Tyuiu.AidemirAF.Sprint1.Task6.V7.Lib", "Tyuiu.AidemirAF.Sprint1.Task6.V7.Lib\Tyuiu.AidemirAF.Sprint1.Task6.V7.Lib.csproj", "{ED9DDD77-D2E2-41BD-8EC3-D801D4461C0F}"
EndProject
Project("{FAE04EC0-301F-11D3-BF4B-00C04F79EFBC}") = "Tyuiu.AidemirAF.Sprint1.Task6.V7.Test", "Tyuiu.AidemirAF.Sprint1.Task6.V7.Test\Tyuiu.AidemirAF.Sprint1.Task6.V7.Test.csproj", "{513AFC8D-BD8A-4B50-BA32-0C52196C387F}"
EndProject
Global
	GlobalSection(SolutionConfigurationPlatforms) = preSolution
		Debug|Any CPU = Debug|Any CPU
		Release|Any CPU = Release|Any CPU
	EndGlobalSection
	GlobalSection(ProjectConfigurationPlatforms) = postSolution
		{793933DB-9CFC-45AD-8322-BF5B89FEA375}.Debug|Any CPU.ActiveCfg = Debug|Any CPU
		{793933DB-9CFC-45AD-8322-BF5B89FEA375}.Debug|Any CPU.Build.0 = Debug|Any CPU
		{793933DB-9CFC-45AD-8322-BF5B89FEA375}.Release|Any CPU.ActiveCfg = Release|Any CPU
		{793933DB-9CFC-45AD-8322-BF5B89FEA375}.Release|Any CPU.Build.0 = Release|Any CPU
		{E2A8D7A3-087E-4907-96A7-0F92EBA30959}.Debug|Any CPU.ActiveCfg = Debug|Any CPU
		{E2A8D7A3-087E-4907-96A7-0F92EBA30959}.Debug|Any CPU.Build.0 = Debug|Any CPU
		{E2A8D7A3-087E-4907-96A7-0F92EBA30959}.Release|Any CPU.ActiveCfg = Release|Any CPU
		{E2A8D7A3-087E-4907-96A7-0F92EBA30959}.Release|Any CPU.Build.0 = Release|Any CPU
		{C145E109-152B-4AC7-B30B-7F9C89625652}.Debug|Any CPU.ActiveCfg = Debug|Any CPU
		{C145E109-152B-4AC7-B30B-7F9C89625652}.Debug|Any CPU.Build.0 = Debug|Any CPU
		{C145E109-152B-4AC7-B30B-7F9C89625652}.Release|Any CPU.ActiveCfg = Release|Any CPU
		{C145E109-152B-4AC7-B30B-7F9C89625652}.Release|Any CPU.Build.0 = Release|Any CPU
		{7846D4FE-0DF3-4358-9DE4-17884F354FEB}.Debug|Any CPU.ActiveCfg = Debug|Any CPU
		{7846D4FE-0DF3-4358-9DE4-17884F354FEB}.Debug|Any CPU.Build.0 = Debug|Any CPU
		{7846D4FE-0DF3-4358-9DE4-17884F354FEB}.Release|Any CPU.ActiveCfg = Release|Any CPU
		{7846D4FE-0DF3-4358-9DE4-17884F354FEB}.Release|Any CPU.Build.0 = Release|Any CPU
		{6E0503E9-2568-44F9-806C-03831A1EBA5F}.Debug|Any CPU.ActiveCfg = Debug|Any CPU
		{6E0503E9-2568-44F9-806C-03831A1EBA5F}.Debug|Any CPU.Build.0 = Debug|Any CPU
		{6E0503E9-2568-44F9-806C-03831A1EBA5F}.Release|Any CPU.ActiveCfg = Release|Any CPU
		{6E0503E9-2568-44F9-806C-03831A1EBA5F}.Release|Any CPU.Build.0 = Release|Any CPU
		{B28C7B72-9E58-400B-ABE0-4F82086F524F}.Debug|Any CPU.ActiveCfg = Debug|Any CPU
		{B28C7B72-9E58-400B-ABE0-4F82086F524F}.Debug|Any CPU.Build.0 = Debug|Any CPU
		{B28C7B72-9E58-400B-ABE0-4F82086F524F}.Release|Any CPU.ActiveCfg = Release|Any CPU
		{B28C7B72-9E58-400B-ABE0-4F82086F524F}.Release|Any CPU.Build.0 = Release|Any CPU
		{0BEED88A-A65F-4F77-837B-691600955E0A}.Debug|Any CPU.ActiveCfg = Debug|Any CPU
		{0BEED88A-A65F-4F77-837B-691600955E0A}.Debug|Any CPU.Build.0 = Debug|Any CPU
		{0BEED88A-A65F-4F77-837B-691600955E0A}.Release|Any CPU.ActiveCfg = Release|Any CPU
		{0BEED88A-A65F-4F77-837B-691600955E0A}.Release|Any CPU.Build.0 = Release|Any CPU
		{7BE8619E-1287-47B9-BF35-8427B4C7EC32}.Debug|Any CPU.ActiveCfg = Debug|Any CPU
		{7BE8619E-1287-47B9-BF35-8427B4C7EC32}.Debug|Any CPU.Build.0 = Debug|Any CPU
		{7BE8619E-1287-47B9-BF35-8427B4C7EC32}.Release|Any CPU.ActiveCfg = Release|Any CPU
		{7BE8619E-1287-47B9-BF35-8427B4C7EC32}.Release|Any CPU.Build.0 = Release|Any CPU
		{40FCE097-E13C-4DE3-A113-E3EF82176123}.Debug|Any CPU.ActiveCfg = Debug|Any CPU
		{40FCE097-E13C-4DE3-A113-E3EF82176123}.Debug|Any CPU.Build.0 = Debug|Any CPU
		{40FCE097-E13C-4DE3-A113-E3EF82176123}.Release|Any CPU.ActiveCfg = Release|Any CPU
		{40FCE097-E13C-4DE3-A113-E3EF82176123}.Release|Any CPU.Build.0 = Release|Any CPU
		{D9C94E74-726A-4997-85A5-01D07A943A39}.Debug|Any CPU.ActiveCfg = Debug|Any CPU
		{D9C94E74-726A-4997-85A5-01D07A943A39}.Debug|Any CPU.Build.0 = Debug|Any CPU
		{D9C94E74-726A-4997-85A5-01D07A943A39}.Release|Any CPU.ActiveCfg = Release|Any CPU
		{D9C94E74-726A-4997-85A5-01D07A943A39}.Release|Any CPU.Build.0 = Release|Any CPU
		{547D1E78-A039-4F71-9D76-2ECAAC8390F8}.Debug|Any CPU.ActiveCfg = Debug|Any CPU
		{547D1E78-A039-4F71-9D76-2ECAAC8390F8}.Debug|Any CPU.Build.0 = Debug|Any CPU
		{547D1E78-A039-4F71-9D76-2ECAAC8390F8}.Release|Any CPU.ActiveCfg = Release|Any CPU
		{547D1E78-A039-4F71-9D76-2ECAAC8390F8}.Release|Any CPU.Build.0 = Release|Any CPU
		{A574D4C0-C952-46B6-9840-5A6A8488E1E2}.Debug|Any CPU.ActiveCfg = Debug|Any CPU
		{A574D4C0-C952-46B6-9840-5A6A8488E1E2}.Debug|Any CPU.Build.0 = Debug|Any CPU
		{A574D4C0-C952-46B6-9840-5A6A8488E1E2}.Release|Any CPU.ActiveCfg = Release|Any CPU
		{A574D4C0-C952-46B6-9840-5A6A8488E1E2}.Release|Any CPU.Build.0 = Release|Any CPU
		{3DEB78F8-3D55-42B5-A830-ACB55727DE45}.Debug|Any CPU.ActiveCfg = Debug|Any CPU
		{3DEB78F8-3D55-42B5-A830-ACB55727DE45}.Debug|Any CPU.Build.0 = Debug|Any CPU
		{3DEB78F8-3D55-42B5-A830-ACB55727DE45}.Release|Any CPU.ActiveCfg = Release|Any CPU
		{3DEB78F8-3D55-42B5-A830-ACB55727DE45}.Release|Any CPU.Build.0 = Release|Any CPU
		{2C104874-ECFB-4E3D-ABE3-1DE3BAD94F92}.Debug|Any CPU.ActiveCfg = Debug|Any CPU
		{2C104874-ECFB-4E3D-ABE3-1DE3BAD94F92}.Debug|Any CPU.Build.0 = Debug|Any CPU
		{2C104874-ECFB-4E3D-ABE3-1DE3BAD94F92}.Release|Any CPU.ActiveCfg = Release|Any CPU
		{2C104874-ECFB-4E3D-ABE3-1DE3BAD94F92}.Release|Any CPU.Build.0 = Release|Any CPU
		{687105BA-BB95-4C87-A986-14E95AA67E11}.Debug|Any CPU.ActiveCfg = Debug|Any CPU
		{687105BA-BB95-4C87-A986-14E95AA67E11}.Debug|Any CPU.Build.0 = Debug|Any CPU
		{687105BA-BB95-4C87-A986-14E95AA67E11}.Release|Any CPU.ActiveCfg = Release|Any CPU
		{687105BA-BB95-4C87-A986-14E95AA67E11}.Release|Any CPU.Build.0 = Release|Any CPU
		{5684C481-408E-44D6-AAAC-E99BF01B6A79}.Debug|Any CPU.ActiveCfg = Debug|Any CPU
		{5684C481-408E-44D6-AAAC-E99BF01B6A79}.Debug|Any CPU.Build.0 = Debug|Any CPU
		{5684C481-408E-44D6-AAAC-E99BF01B6A79}.Release|Any CPU.ActiveCfg = Release|Any CPU
		{5684C481-408E-44D6-AAAC-E99BF01B6A79}.Release|Any CPU.Build.0 = Release|Any CPU
		{04CAA700-DB36-4C92-BE15-5EFA278CF86C}.Debug|Any CPU.ActiveCfg = Debug|Any CPU
		{04CAA700-DB36-4C92-BE15-5EFA278CF86C}.Debug|Any CPU.Build.0 = Debug|Any CPU
		{04CAA700-DB36-4C92-BE15-5EFA278CF86C}.Release|Any CPU.ActiveCfg = Release|Any CPU
		{04CAA700-DB36-4C92-BE15-5EFA278CF86C}.Release|Any CPU.Build.0 = Release|Any CPU
		{A80DE139-751D-494D-8DC1-1A188B85A7CA}.Debug|Any CPU.ActiveCfg = Debug|Any CPU
		{A80DE139-751D-494D-8DC1-1A188B85A7CA}.Debug|Any CPU.Build.0 = Debug|Any CPU
		{A80DE139-751D-494D-8DC1-1A188B85A7CA}.Release|Any CPU.ActiveCfg = Release|Any CPU
		{A80DE139-751D-494D-8DC1-1A188B85A7CA}.Release|Any CPU.Build.0 = Release|Any CPU
		{5F7FCE62-FB22-4F57-BEBB-EBEB1A281FC1}.Debug|Any CPU.ActiveCfg = Debug|Any CPU
		{5F7FCE62-FB22-4F57-BEBB-EBEB1A281FC1}.Debug|Any CPU.Build.0 = Debug|Any CPU
		{5F7FCE62-FB22-4F57-BEBB-EBEB1A281FC1}.Release|Any CPU.ActiveCfg = Release|Any CPU
		{5F7FCE62-FB22-4F57-BEBB-EBEB1A281FC1}.Release|Any CPU.Build.0 = Release|Any CPU
		{ED9DDD77-D2E2-41BD-8EC3-D801D4461C0F}.Debug|Any CPU.ActiveCfg = Debug|Any CPU
		{ED9DDD77-D2E2-41BD-8EC3-D801D4461C0F}.Debug|Any CPU.Build.0 = Debug|Any CPU
		{ED9DDD77-D2E2-41BD-8EC3-D801D4461C0F}.Release|Any CPU.ActiveCfg = Release|Any CPU
		{ED9DDD77-D2E2-41BD-8EC3-D801D4461C0F}.Release|Any CPU.Build.0 = Release|Any CPU
		{513AFC8D-BD8A-4B50-BA32-0C52196C387F}.Debug|Any CPU.ActiveCfg = Debug|Any CPU
		{513AFC8D-BD8A-4B50-BA32-0C52196C387F}.Debug|Any CPU.Build.0 = Debug|Any CPU
		{513AFC8D-BD8A-4B50-BA32-0C52196C387F}.Release|Any CPU.ActiveCfg = Release|Any CPU
		{513AFC8D-BD8A-4B50-BA32-0C52196C387F}.Release|Any CPU.Build.0 = Release|Any CPU
	EndGlobalSection
	GlobalSection(SolutionProperties) = preSolution
		HideSolutionNode = FALSE
	EndGlobalSection
	GlobalSection(NestedProjects) = preSolution
		{793933DB-9CFC-45AD-8322-BF5B89FEA375} = {EEAED69F-C557-4A42-9EFB-468BF603D891}
		{E2A8D7A3-087E-4907-96A7-0F92EBA30959} = {EEAED69F-C557-4A42-9EFB-468BF603D891}
		{C145E109-152B-4AC7-B30B-7F9C89625652} = {EEAED69F-C557-4A42-9EFB-468BF603D891}
		{7846D4FE-0DF3-4358-9DE4-17884F354FEB} = {2CBA736D-8E9C-4561-8DDF-CA231CDB3350}
		{6E0503E9-2568-44F9-806C-03831A1EBA5F} = {2CBA736D-8E9C-4561-8DDF-CA231CDB3350}
		{B28C7B72-9E58-400B-ABE0-4F82086F524F} = {2CBA736D-8E9C-4561-8DDF-CA231CDB3350}
		{0BEED88A-A65F-4F77-837B-691600955E0A} = {ACBF44C8-D38F-46C8-ACC9-7F073E49EB73}
		{7BE8619E-1287-47B9-BF35-8427B4C7EC32} = {ACBF44C8-D38F-46C8-ACC9-7F073E49EB73}
		{40FCE097-E13C-4DE3-A113-E3EF82176123} = {ACBF44C8-D38F-46C8-ACC9-7F073E49EB73}
		{D9C94E74-726A-4997-85A5-01D07A943A39} = {120EF6E1-D845-4449-A961-1C5081485057}
		{547D1E78-A039-4F71-9D76-2ECAAC8390F8} = {120EF6E1-D845-4449-A961-1C5081485057}
		{A574D4C0-C952-46B6-9840-5A6A8488E1E2} = {120EF6E1-D845-4449-A961-1C5081485057}
		{3DEB78F8-3D55-42B5-A830-ACB55727DE45} = {63FECA96-6782-4BBE-8B44-B0E1295FD2E3}
		{2C104874-ECFB-4E3D-ABE3-1DE3BAD94F92} = {63FECA96-6782-4BBE-8B44-B0E1295FD2E3}
		{687105BA-BB95-4C87-A986-14E95AA67E11} = {63FECA96-6782-4BBE-8B44-B0E1295FD2E3}
		{5684C481-408E-44D6-AAAC-E99BF01B6A79} = {1BFDDC75-8F03-4AEF-9493-3A6BDB5303D2}
		{04CAA700-DB36-4C92-BE15-5EFA278CF86C} = {1BFDDC75-8F03-4AEF-9493-3A6BDB5303D2}
		{A80DE139-751D-494D-8DC1-1A188B85A7CA} = {1BFDDC75-8F03-4AEF-9493-3A6BDB5303D2}
		{5F7FCE62-FB22-4F57-BEBB-EBEB1A281FC1} = {D7B636A5-DFE8-482C-9FD1-C795772798E5}
		{ED9DDD77-D2E2-41BD-8EC3-D801D4461C0F} = {D7B636A5-DFE8-482C-9FD1-C795772798E5}
		{513AFC8D-BD8A-4B50-BA32-0C52196C387F} = {D7B636A5-DFE8-482C-9FD1-C795772798E5}
	EndGlobalSection
	GlobalSection(ExtensibilityGlobals) = postSolution
		SolutionGuid = {EAED05F7-F5F6-49FB-B1EF-810A4079DA36}
	EndGlobalSection
EndGlobal
